
Microsoft Visual Studio Solution File, Format Version 12.00
# Visual Studio Version 17
VisualStudioVersion = 17.14.36401.2 d17.14
MinimumVisualStudioVersion = 10.0.40219.1
Project("{FAE04EC0-301F-11D3-BF4B-00C04F79EFBC}") = "controleContasGui", "controleContasGui\controleContasGui.csproj", "{957254E1-3916-4E8B-81E6-AA0933290567}"
EndProject
Global
	GlobalSection(SolutionConfigurationPlatforms) = preSolution
		Debug|Any CPU = Debug|Any CPU
		Release|Any CPU = Release|Any CPU
	EndGlobalSection
	GlobalSection(ProjectConfigurationPlatforms) = postSolution
		{957254E1-3916-4E8B-81E6-AA0933290567}.Debug|Any CPU.ActiveCfg = Debug|Any CPU
		{957254E1-3916-4E8B-81E6-AA0933290567}.Debug|Any CPU.Build.0 = Debug|Any CPU
		{957254E1-3916-4E8B-81E6-AA0933290567}.Release|Any CPU.ActiveCfg = Release|Any CPU
		{957254E1-3916-4E8B-81E6-AA0933290567}.Release|Any CPU.Build.0 = Release|Any CPU
	EndGlobalSection
	GlobalSection(SolutionProperties) = preSolution
		HideSolutionNode = FALSE
	EndGlobalSection
	GlobalSection(ExtensibilityGlobals) = postSolution
		SolutionGuid = {FE0643B0-8D19-4230-9099-E2EB09A63D21}
	EndGlobalSection
EndGlobal
